
Microsoft Visual Studio Solution File, Format Version 12.00
# Visual Studio Version 17
VisualStudioVersion = 17.8.34309.116
MinimumVisualStudioVersion = 10.0.40219.1
Project("{FAE04EC0-301F-11D3-BF4B-00C04F79EFBC}") = "TravelApp", "TravelApp\TravelApp.csproj", "{BE535D90-28C6-454E-B23D-81CB66C2EFA1}"
EndProject
Global
	GlobalSection(SolutionConfigurationPlatforms) = preSolution
		Debug|Any CPU = Debug|Any CPU
		Release|Any CPU = Release|Any CPU
	EndGlobalSection
	GlobalSection(ProjectConfigurationPlatforms) = postSolution
		{BE535D90-28C6-454E-B23D-81CB66C2EFA1}.Debug|Any CPU.ActiveCfg = Debug|Any CPU
		{BE535D90-28C6-454E-B23D-81CB66C2EFA1}.Debug|Any CPU.Build.0 = Debug|Any CPU
		{BE535D90-28C6-454E-B23D-81CB66C2EFA1}.Release|Any CPU.ActiveCfg = Release|Any CPU
		{BE535D90-28C6-454E-B23D-81CB66C2EFA1}.Release|Any CPU.Build.0 = Release|Any CPU
	EndGlobalSection
	GlobalSection(SolutionProperties) = preSolution
		HideSolutionNode = FALSE
	EndGlobalSection
	GlobalSection(ExtensibilityGlobals) = postSolution
		SolutionGuid = {735E0C18-C5CB-48B6-911F-3352FD642723}
	EndGlobalSection
EndGlobal
